
Microsoft Visual Studio Solution File, Format Version 12.00
# Visual Studio 14
VisualStudioVersion = 14.0.23107.0
MinimumVisualStudioVersion = 10.0.40219.1
Project("{FAE04EC0-301F-11D3-BF4B-00C04F79EFBC}") = "SharePointAddInsSample", "SharePointAddInsSample\SharePointAddInsSample.csproj", "{7482C109-CB48-4B39-8E85-55CA7F2FD8E3}"
EndProject
Project("{FAE04EC0-301F-11D3-BF4B-00C04F79EFBC}") = "SharePointAddInsSampleWeb", "SharePointAddInsSampleWeb\SharePointAddInsSampleWeb.csproj", "{D07F00E3-6524-40F7-92CA-6FF0B1C877FA}"
EndProject
Global
	GlobalSection(SolutionConfigurationPlatforms) = preSolution
		Debug|Any CPU = Debug|Any CPU
		Release|Any CPU = Release|Any CPU
	EndGlobalSection
	GlobalSection(ProjectConfigurationPlatforms) = postSolution
		{7482C109-CB48-4B39-8E85-55CA7F2FD8E3}.Debug|Any CPU.ActiveCfg = Debug|Any CPU
		{7482C109-CB48-4B39-8E85-55CA7F2FD8E3}.Debug|Any CPU.Build.0 = Debug|Any CPU
		{7482C109-CB48-4B39-8E85-55CA7F2FD8E3}.Debug|Any CPU.Deploy.0 = Debug|Any CPU
		{7482C109-CB48-4B39-8E85-55CA7F2FD8E3}.Release|Any CPU.ActiveCfg = Release|Any CPU
		{7482C109-CB48-4B39-8E85-55CA7F2FD8E3}.Release|Any CPU.Build.0 = Release|Any CPU
		{7482C109-CB48-4B39-8E85-55CA7F2FD8E3}.Release|Any CPU.Deploy.0 = Release|Any CPU
		{D07F00E3-6524-40F7-92CA-6FF0B1C877FA}.Debug|Any CPU.ActiveCfg = Debug|Any CPU
		{D07F00E3-6524-40F7-92CA-6FF0B1C877FA}.Debug|Any CPU.Build.0 = Debug|Any CPU
		{D07F00E3-6524-40F7-92CA-6FF0B1C877FA}.Release|Any CPU.ActiveCfg = Release|Any CPU
		{D07F00E3-6524-40F7-92CA-6FF0B1C877FA}.Release|Any CPU.Build.0 = Release|Any CPU
	EndGlobalSection
	GlobalSection(SolutionProperties) = preSolution
		HideSolutionNode = FALSE
	EndGlobalSection
EndGlobal
